<Solution>
  <Folder Name="/src/" />
  <Folder Name="/src/catalog-service/">
    <Project Path="src/catalog-service/Catalog.Api.csproj" />
  </Folder>
  <Folder Name="/src/finance-service/">
    <Project Path="src/finance-service/Finance.Api.csproj" />
  </Folder>
  <Folder Name="/src/identity-service/">
    <Project Path="src/identity-service/Identity.Api.csproj" />
  </Folder>
  <Folder Name="/src/sales-service/">
    <Project Path="src/sales-service/Sales.Api/Sales.Api.csproj" />
    <Project Path="src/sales-service/Sales.Application/Sales.Application.csproj" />
    <Project Path="src/sales-service/Sales.Domain/Sales.Domain.csproj" />
    <Project Path="src/sales-service/Sales.Infrastructure/Sales.Infrastructure.csproj" />
  </Folder>
</Solution>
